
Microsoft Visual Studio Solution File, Format Version 12.00
# Visual Studio Version 17
VisualStudioVersion = 17.3.32819.101
MinimumVisualStudioVersion = 10.0.40219.1
Project("{FAE04EC0-301F-11D3-BF4B-00C04F79EFBC}") = "ExcelFilter.Api", "ExcelFilter.Api\ExcelFilter.Api.csproj", "{6E4CD3A4-6A16-44D3-A79E-BDDFAE532A20}"
EndProject
Global
	GlobalSection(SolutionConfigurationPlatforms) = preSolution
		Debug|Any CPU = Debug|Any CPU
		Release|Any CPU = Release|Any CPU
	EndGlobalSection
	GlobalSection(ProjectConfigurationPlatforms) = postSolution
		{6E4CD3A4-6A16-44D3-A79E-BDDFAE532A20}.Debug|Any CPU.ActiveCfg = Debug|Any CPU
		{6E4CD3A4-6A16-44D3-A79E-BDDFAE532A20}.Debug|Any CPU.Build.0 = Debug|Any CPU
		{6E4CD3A4-6A16-44D3-A79E-BDDFAE532A20}.Release|Any CPU.ActiveCfg = Release|Any CPU
		{6E4CD3A4-6A16-44D3-A79E-BDDFAE532A20}.Release|Any CPU.Build.0 = Release|Any CPU
	EndGlobalSection
	GlobalSection(SolutionProperties) = preSolution
		HideSolutionNode = FALSE
	EndGlobalSection
	GlobalSection(ExtensibilityGlobals) = postSolution
		SolutionGuid = {63B43437-EC2A-48C7-A7D0-EAF038FB120A}
	EndGlobalSection
EndGlobal
